Microsoft Visual Studio Solution File, Format Version 12.00
# Visual Studio 14
VisualStudioVersion = 14.0.24720.0
MinimumVisualStudioVersion = 10.0.40219.1
Project("{8BB2217D-0F2D-49D1-97BC-3654ED321F3B}") = "Nancy.Core", "src\Nancy.Core\Nancy.Core.xproj", "{87C7C329-1824-4AC7-AF25-3D06068A01F6}"
EndProject
Project("{8BB2217D-0F2D-49D1-97BC-3654ED321F3B}") = "ConsoleApp", "samples\ConsoleApp\ConsoleApp.xproj", "{188AA603-0FCE-4AC1-B650-D270DF92743A}"
EndProject
Project("{2150E333-8FDC-42A3-9474-1A3956D46DE8}") = "src", "src", "{7ED0C780-05ED-4EFF-9BB2-98E6497979EB}"
EndProject
Project("{8BB2217D-0F2D-49D1-97BC-3654ED321F3B}") = "WebApp", "samples\WebApp\WebApp.xproj", "{DE9452D9-F5F5-415B-BFD1-AFAEB34CB813}"
EndProject
Project("{2150E333-8FDC-42A3-9474-1A3956D46DE8}") = "samples", "samples", "{8EAF21DF-341F-45E5-ABBC-79053ACC4CED}"
EndProject
Project("{8BB2217D-0F2D-49D1-97BC-3654ED321F3B}") = "Nancy.Bootstrappers.AspNetCore", "src\Nancy.Bootstrappers.AspNetCore\Nancy.Bootstrappers.AspNetCore.xproj", "{B5D319B5-9DF6-488D-837F-9C56FA3D2B70}"
EndProject
Project("{8BB2217D-0F2D-49D1-97BC-3654ED321F3B}") = "Nancy.Bootstrappers.Autofac", "src\Nancy.Bootstrappers.Autofac\Nancy.Bootstrappers.Autofac.xproj", "{799249C2-08AF-4F83-A2FC-58686AF999B1}"
EndProject
Project("{8BB2217D-0F2D-49D1-97BC-3654ED321F3B}") = "Nancy.Bootstrappers.SimpleInjector", "src\Nancy.Bootstrappers.SimpleInjector\Nancy.Bootstrappers.SimpleInjector.xproj", "{1C57294C-18C1-4699-AFE2-440DF822DC31}"
EndProject
Project("{2150E333-8FDC-42A3-9474-1A3956D46DE8}") = "Solution Items", "Solution Items", "{715FCFA8-0A24-4DBF-88AD-854DBE5E957D}"
	ProjectSection(SolutionItems) = preProject
		.editorconfig = .editorconfig
		global.json = global.json
		NuGet.config = NuGet.config
	EndProjectSection
EndProject
Project("{8BB2217D-0F2D-49D1-97BC-3654ED321F3B}") = "Nancy.Bootstrappers.StructureMap", "src\Nancy.Bootstrappers.StructureMap\Nancy.Bootstrappers.StructureMap.xproj", "{EEC117F5-9B98-4B44-83AD-AF81A87A2FE3}"
EndProject
Project("{8BB2217D-0F2D-49D1-97BC-3654ED321F3B}") = "Nancy.AspNetCore", "src\Nancy.AspNetCore\Nancy.AspNetCore.xproj", "{34046ECF-3720-4EB0-B2B6-84D096DEBF7F}"
EndProject
Project("{8BB2217D-0F2D-49D1-97BC-3654ED321F3B}") = "Nancy.Owin", "src\Nancy.Owin\Nancy.Owin.xproj", "{8F3B0303-1B24-4322-AEC3-96A4A806EB97}"
EndProject
Project("{8BB2217D-0F2D-49D1-97BC-3654ED321F3B}") = "OwinApp", "samples\OwinApp\OwinApp.xproj", "{538BC3D2-C098-4A9C-8456-9CA9FA6AE050}"
EndProject
Project("{8BB2217D-0F2D-49D1-97BC-3654ED321F3B}") = "Nancy.Core.Tests", "test\Nancy.Core.Tests\Nancy.Core.Tests.xproj", "{906074B6-9828-46F0-B7DD-379749DFE393}"
EndProject
Project("{2150E333-8FDC-42A3-9474-1A3956D46DE8}") = "test", "test", "{A4D31C87-A400-401E-A748-10C50461A187}"
EndProject
Global
	GlobalSection(SolutionConfigurationPlatforms) = preSolution
		Debug|Any CPU = Debug|Any CPU
		Release|Any CPU = Release|Any CPU
	EndGlobalSection
	GlobalSection(ProjectConfigurationPlatforms) = postSolution
		{87C7C329-1824-4AC7-AF25-3D06068A01F6}.Debug|Any CPU.ActiveCfg = Debug|Any CPU
		{87C7C329-1824-4AC7-AF25-3D06068A01F6}.Debug|Any CPU.Build.0 = Debug|Any CPU
		{87C7C329-1824-4AC7-AF25-3D06068A01F6}.Release|Any CPU.ActiveCfg = Release|Any CPU
		{87C7C329-1824-4AC7-AF25-3D06068A01F6}.Release|Any CPU.Build.0 = Release|Any CPU
		{188AA603-0FCE-4AC1-B650-D270DF92743A}.Debug|Any CPU.ActiveCfg = Debug|Any CPU
		{188AA603-0FCE-4AC1-B650-D270DF92743A}.Debug|Any CPU.Build.0 = Debug|Any CPU
		{188AA603-0FCE-4AC1-B650-D270DF92743A}.Release|Any CPU.ActiveCfg = Release|Any CPU
		{188AA603-0FCE-4AC1-B650-D270DF92743A}.Release|Any CPU.Build.0 = Release|Any CPU
		{DE9452D9-F5F5-415B-BFD1-AFAEB34CB813}.Debug|Any CPU.ActiveCfg = Debug|Any CPU
		{DE9452D9-F5F5-415B-BFD1-AFAEB34CB813}.Debug|Any CPU.Build.0 = Debug|Any CPU
		{DE9452D9-F5F5-415B-BFD1-AFAEB34CB813}.Release|Any CPU.ActiveCfg = Release|Any CPU
		{DE9452D9-F5F5-415B-BFD1-AFAEB34CB813}.Release|Any CPU.Build.0 = Release|Any CPU
		{B5D319B5-9DF6-488D-837F-9C56FA3D2B70}.Debug|Any CPU.ActiveCfg = Debug|Any CPU
		{B5D319B5-9DF6-488D-837F-9C56FA3D2B70}.Debug|Any CPU.Build.0 = Debug|Any CPU
		{B5D319B5-9DF6-488D-837F-9C56FA3D2B70}.Release|Any CPU.ActiveCfg = Release|Any CPU
		{B5D319B5-9DF6-488D-837F-9C56FA3D2B70}.Release|Any CPU.Build.0 = Release|Any CPU
		{799249C2-08AF-4F83-A2FC-58686AF999B1}.Debug|Any CPU.ActiveCfg = Debug|Any CPU
		{799249C2-08AF-4F83-A2FC-58686AF999B1}.Debug|Any CPU.Build.0 = Debug|Any CPU
		{799249C2-08AF-4F83-A2FC-58686AF999B1}.Release|Any CPU.ActiveCfg = Release|Any CPU
		{799249C2-08AF-4F83-A2FC-58686AF999B1}.Release|Any CPU.Build.0 = Release|Any CPU
		{1C57294C-18C1-4699-AFE2-440DF822DC31}.Debug|Any CPU.ActiveCfg = Debug|Any CPU
		{1C57294C-18C1-4699-AFE2-440DF822DC31}.Debug|Any CPU.Build.0 = Debug|Any CPU
		{1C57294C-18C1-4699-AFE2-440DF822DC31}.Release|Any CPU.ActiveCfg = Release|Any CPU
		{1C57294C-18C1-4699-AFE2-440DF822DC31}.Release|Any CPU.Build.0 = Release|Any CPU
		{EEC117F5-9B98-4B44-83AD-AF81A87A2FE3}.Debug|Any CPU.ActiveCfg = Debug|Any CPU
		{EEC117F5-9B98-4B44-83AD-AF81A87A2FE3}.Debug|Any CPU.Build.0 = Debug|Any CPU
		{EEC117F5-9B98-4B44-83AD-AF81A87A2FE3}.Release|Any CPU.ActiveCfg = Release|Any CPU
		{EEC117F5-9B98-4B44-83AD-AF81A87A2FE3}.Release|Any CPU.Build.0 = Release|Any CPU
		{34046ECF-3720-4EB0-B2B6-84D096DEBF7F}.Debug|Any CPU.ActiveCfg = Debug|Any CPU
		{34046ECF-3720-4EB0-B2B6-84D096DEBF7F}.Debug|Any CPU.Build.0 = Debug|Any CPU
		{34046ECF-3720-4EB0-B2B6-84D096DEBF7F}.Release|Any CPU.ActiveCfg = Release|Any CPU
		{34046ECF-3720-4EB0-B2B6-84D096DEBF7F}.Release|Any CPU.Build.0 = Release|Any CPU
		{8F3B0303-1B24-4322-AEC3-96A4A806EB97}.Debug|Any CPU.ActiveCfg = Debug|Any CPU
		{8F3B0303-1B24-4322-AEC3-96A4A806EB97}.Debug|Any CPU.Build.0 = Debug|Any CPU
		{8F3B0303-1B24-4322-AEC3-96A4A806EB97}.Release|Any CPU.ActiveCfg = Release|Any CPU
		{8F3B0303-1B24-4322-AEC3-96A4A806EB97}.Release|Any CPU.Build.0 = Release|Any CPU
		{538BC3D2-C098-4A9C-8456-9CA9FA6AE050}.Debug|Any CPU.ActiveCfg = Debug|Any CPU
		{538BC3D2-C098-4A9C-8456-9CA9FA6AE050}.Debug|Any CPU.Build.0 = Debug|Any CPU
		{538BC3D2-C098-4A9C-8456-9CA9FA6AE050}.Release|Any CPU.ActiveCfg = Release|Any CPU
		{538BC3D2-C098-4A9C-8456-9CA9FA6AE050}.Release|Any CPU.Build.0 = Release|Any CPU
		{906074B6-9828-46F0-B7DD-379749DFE393}.Debug|Any CPU.ActiveCfg = Debug|Any CPU
		{906074B6-9828-46F0-B7DD-379749DFE393}.Debug|Any CPU.Build.0 = Debug|Any CPU
		{906074B6-9828-46F0-B7DD-379749DFE393}.Release|Any CPU.ActiveCfg = Release|Any CPU
		{906074B6-9828-46F0-B7DD-379749DFE393}.Release|Any CPU.Build.0 = Release|Any CPU
	EndGlobalSection
	GlobalSection(SolutionProperties) = preSolution
		HideSolutionNode = FALSE
	EndGlobalSection
	GlobalSection(NestedProjects) = preSolution
		{87C7C329-1824-4AC7-AF25-3D06068A01F6} = {7ED0C780-05ED-4EFF-9BB2-98E6497979EB}
		{188AA603-0FCE-4AC1-B650-D270DF92743A} = {8EAF21DF-341F-45E5-ABBC-79053ACC4CED}
		{DE9452D9-F5F5-415B-BFD1-AFAEB34CB813} = {8EAF21DF-341F-45E5-ABBC-79053ACC4CED}
		{B5D319B5-9DF6-488D-837F-9C56FA3D2B70} = {7ED0C780-05ED-4EFF-9BB2-98E6497979EB}
		{799249C2-08AF-4F83-A2FC-58686AF999B1} = {7ED0C780-05ED-4EFF-9BB2-98E6497979EB}
		{1C57294C-18C1-4699-AFE2-440DF822DC31} = {7ED0C780-05ED-4EFF-9BB2-98E6497979EB}
		{EEC117F5-9B98-4B44-83AD-AF81A87A2FE3} = {7ED0C780-05ED-4EFF-9BB2-98E6497979EB}
		{34046ECF-3720-4EB0-B2B6-84D096DEBF7F} = {7ED0C780-05ED-4EFF-9BB2-98E6497979EB}
		{8F3B0303-1B24-4322-AEC3-96A4A806EB97} = {7ED0C780-05ED-4EFF-9BB2-98E6497979EB}
		{538BC3D2-C098-4A9C-8456-9CA9FA6AE050} = {8EAF21DF-341F-45E5-ABBC-79053ACC4CED}
		{906074B6-9828-46F0-B7DD-379749DFE393} = {A4D31C87-A400-401E-A748-10C50461A187}
	EndGlobalSection
EndGlobal
